
Microsoft Visual Studio Solution File, Format Version 12.00
# Visual Studio Version 17
VisualStudioVersion = 17.0.31903.59
MinimumVisualStudioVersion = 10.0.40219.1
Project("{2150E333-8FDC-42A3-9474-1A3956D46DE8}") = "src", "src", "{FF589A19-588F-4F6B-910C-7830A5E22A41}"
EndProject
Project("{2150E333-8FDC-42A3-9474-1A3956D46DE8}") = "WebApi", "WebApi", "{04959251-30D6-4BF2-9973-36C28A2F6362}"
EndProject
Project("{FAE04EC0-301F-11D3-BF4B-00C04F79EFBC}") = "SneakerCheck.WebApi", "src\WebApi\SneakerCheck.WebApi\SneakerCheck.WebApi.csproj", "{93F3A2DD-0C37-45DD-8290-DE720FD5C38C}"
EndProject
Global
	GlobalSection(SolutionConfigurationPlatforms) = preSolution
		Debug|Any CPU = Debug|Any CPU
		Release|Any CPU = Release|Any CPU
	EndGlobalSection
	GlobalSection(SolutionProperties) = preSolution
		HideSolutionNode = FALSE
	EndGlobalSection
	GlobalSection(ProjectConfigurationPlatforms) = postSolution
		{93F3A2DD-0C37-45DD-8290-DE720FD5C38C}.Debug|Any CPU.ActiveCfg = Debug|Any CPU
		{93F3A2DD-0C37-45DD-8290-DE720FD5C38C}.Debug|Any CPU.Build.0 = Debug|Any CPU
		{93F3A2DD-0C37-45DD-8290-DE720FD5C38C}.Release|Any CPU.ActiveCfg = Release|Any CPU
		{93F3A2DD-0C37-45DD-8290-DE720FD5C38C}.Release|Any CPU.Build.0 = Release|Any CPU
	EndGlobalSection
	GlobalSection(NestedProjects) = preSolution
		{04959251-30D6-4BF2-9973-36C28A2F6362} = {FF589A19-588F-4F6B-910C-7830A5E22A41}
		{93F3A2DD-0C37-45DD-8290-DE720FD5C38C} = {04959251-30D6-4BF2-9973-36C28A2F6362}
	EndGlobalSection
EndGlobal
